// !$*UTF8*$!
{
	archiveVersion = 1;
	classes = {
	};
	objectVersion = 55;
	objects = {

/* Begin PBXBuildFile section */
		FDC7D9E7279F659A00FBD9B6 /* AppDelegate.swift in Sources */ = {isa = PBXBuildFile; fileRef = FDC7D9E6279F659A00FBD9B6 /* AppDelegate.swift */; };
		FDC7D9E9279F659A00FBD9B6 /* SceneDelegate.swift in Sources */ = {isa = PBXBuildFile; fileRef = FDC7D9E8279F659A00FBD9B6 /* SceneDelegate.swift */; };
		FDC7D9EB279F659A00FBD9B6 /* ViewController.swift in Sources */ = {isa = PBXBuildFile; fileRef = FDC7D9EA279F659A00FBD9B6 /* ViewController.swift */; };
		FDC7D9EE279F659A00FBD9B6 /* Main.storyboard in Resources */ = {isa = PBXBuildFile; fileRef = FDC7D9EC279F659A00FBD9B6 /* Main.storyboard */; };
		FDC7D9F0279F659C00FBD9B6 /* Assets.xcassets in Resources */ = {isa = PBXBuildFile; fileRef = FDC7D9EF279F659C00FBD9B6 /* Assets.xcassets */; };
		FDC7D9F3279F659C00FBD9B6 /* LaunchScreen.storyboard in Resources */ = {isa = PBXBuildFile; fileRef = FDC7D9F1279F659C00FBD9B6 /* LaunchScreen.storyboard */; };
		FDC7D9FE279F659D00FBD9B6 /* preworkTests.swift in Sources */ = {isa = PBXBuildFile; fileRef = FDC7D9FD279F659D00FBD9B6 /* preworkTests.swift */; };
		FDC7DA08279F659D00FBD9B6 /* preworkUITests.swift in Sources */ = {isa = PBXBuildFile; fileRef = FDC7DA07279F659D00FBD9B6 /* preworkUITests.swift */; };
		FDC7DA0A279F659D00FBD9B6 /* preworkUITestsLaunchTests.swift in Sources */ = {isa = PBXBuildFile; fileRef = FDC7DA09279F659D00FBD9B6 /* preworkUITestsLaunchTests.swift */; };
/* End PBXBuildFile section */

/* Begin PBXContainerItemProxy section */
		FDC7D9FA279F659C00FBD9B6 /* PBXContainerItemProxy */ = {
			isa = PBXContainerItemProxy;
			containerPortal = FDC7D9DB279F659A00FBD9B6 /* Project object */;
			proxyType = 1;
			remoteGlobalIDString = FDC7D9E2279F659A00FBD9B6;
			remoteInfo = prework;
		};
		FDC7DA04279F659D00FBD9B6 /* PBXContainerItemProxy */ = {
			isa = PBXContainerItemProxy;
			containerPortal = FDC7D9DB279F659A00FBD9B6 /* Project object */;
			proxyType = 1;
			remoteGlobalIDString = FDC7D9E2279F659A00FBD9B6;
			remoteInfo = prework;
		};
/* End PBXContainerItemProxy section */

/* Begin PBXFileReference section */
		FDC7D9E3279F659A00FBD9B6 /* prework.app */ = {isa = PBXFileReference; explicitFileType = wrapper.application; includeInIndex = 0; path = prework.app; sourceTree = BUILT_PRODUCTS_DIR; };
		FDC7D9E6279F659A00FBD9B6 /* AppDelegate.swift */ = {isa = PBXFileReference; lastKnownFileType = sourcecode.swift; path = AppDelegate.swift; sourceTree = "<group>"; };
		FDC7D9E8279F659A00FBD9B6 /* SceneDelegate.swift */ = {isa = PBXFileReference; lastKnownFileType = sourcecode.swift; path = SceneDelegate.swift; sourceTree = "<group>"; };
		FDC7D9EA279F659A00FBD9B6 /* ViewController.swift */ = {isa = PBXFileReference; lastKnownFileType = sourcecode.swift; path = ViewController.swift; sourceTree = "<group>"; };
		FDC7D9ED279F659A00FBD9B6 /* Base */ = {isa = PBXFileReference; lastKnownFileType = file.storyboard; name = Base; path = Base.lproj/Main.storyboard; sourceTree = "<group>"; };
		FDC7D9EF279F659C00FBD9B6 /* Assets.xcassets */ = {isa = PBXFileReference; lastKnownFileType = folder.assetcatalog; path = Assets.xcassets; sourceTree = "<group>"; };
		FDC7D9F2279F659C00FBD9B6 /* Base */ = {isa = PBXFileReference; lastKnownFileType = file.storyboard; name = Base; path = Base.lproj/LaunchScreen.storyboard; sourceTree = "<group>"; };
		FDC7D9F4279F659C00FBD9B6 /* Info.plist */ = {isa = PBXFileReference; lastKnownFileType = text.plist.xml; path = Info.plist; sourceTree = "<group>"; };
		FDC7D9F9279F659C00FBD9B6 /* preworkTests.xctest */ = {isa = PBXFileReference; explicitFileType = wrapper.cfbundle; includeInIndex = 0; path = preworkTests.xctest; sourceTree = BUILT_PRODUCTS_DIR; };
		FDC7D9FD279F659D00FBD9B6 /* preworkTests.swift */ = {isa = PBXFileReference; lastKnownFileType = sourcecode.swift; path = preworkTests.swift; sourceTree = "<group>"; };
		FDC7DA03279F659D00FBD9B6 /* preworkUITests.xctest */ = {isa = PBXFileReference; explicitFileType = wrapper.cfbundle; includeInIndex = 0; path = preworkUITests.xctest; sourceTree = BUILT_PRODUCTS_DIR; };
		FDC7DA07279F659D00FBD9B6 /* preworkUITests.swift */ = {isa = PBXFileReference; lastKnownFileType = sourcecode.swift; path = preworkUITests.swift; sourceTree = "<group>"; };
		FDC7DA09279F659D00FBD9B6 /* preworkUITestsLaunchTests.swift */ = {isa = PBXFileReference; lastKnownFileType = sourcecode.swift; path = preworkUITestsLaunchTests.swift; sourceTree = "<group>"; };
/* End PBXFileReference section */

/* Begin PBXFrameworksBuildPhase section */
		FDC7D9E0279F659A00FBD9B6 /* Frameworks */ = {
			isa = PBXFrameworksBuildPhase;
			buildActionMask = 2147483647;
			files = (
			);
			runOnlyForDeploymentPostprocessing = 0;
		};
		FDC7D9F6279F659C00FBD9B6 /* Frameworks */ = {
			isa = PBXFrameworksBuildPhase;
			buildActionMask = 2147483647;
			files = (
			);
			runOnlyForDeploymentPostprocessing = 0;
		};
		FDC7DA00279F659D00FBD9B6 /* Frameworks */ = {
			isa = PBXFrameworksBuildPhase;
			buildActionMask = 2147483647;
			files = (
			);
			runOnlyForDeploymentPostprocessing = 0;
		};
/* End PBXFrameworksBuildPhase section */

/* Begin PBXGroup section */
		FDC7D9DA279F659A00FBD9B6 = {
			isa = PBXGroup;
			children = (
				FDC7D9E5279F659A00FBD9B6 /* prework */,
				FDC7D9FC279F659C00FBD9B6 /* preworkTests */,
				FDC7DA06279F659D00FBD9B6 /* preworkUITests */,
				FDC7D9E4279F659A00FBD9B6 /* Products */,
			);
			sourceTree = "<group>";
		};
		FDC7D9E4279F659A00FBD9B6 /* Products */ = {
			isa = PBXGroup;
			children = (
				FDC7D9E3279F659A00FBD9B6 /* prework.app */,
				FDC7D9F9279F659C00FBD9B6 /* preworkTests.xctest */,
				FDC7DA03279F659D00FBD9B6 /* preworkUITests.xctest */,
			);
			name = Products;
			sourceTree = "<group>";
		};
		FDC7D9E5279F659A00FBD9B6 /* prework */ = {
			isa = PBXGroup;
			children = (
				FDC7D9E6279F659A00FBD9B6 /* AppDelegate.swift */,
				FDC7D9E8279F659A00FBD9B6 /* SceneDelegate.swift */,
				FDC7D9EA279F659A00FBD9B6 /* ViewController.swift */,
				FDC7D9EC279F659A00FBD9B6 /* Main.storyboard */,
				FDC7D9EF279F659C00FBD9B6 /* Assets.xcassets */,
				FDC7D9F1279F659C00FBD9B6 /* LaunchScreen.storyboard */,
				FDC7D9F4279F659C00FBD9B6 /* Info.plist */,
			);
			path = prework;
			sourceTree = "<group>";
		};
		FDC7D9FC279F659C00FBD9B6 /* preworkTests */ = {
			isa = PBXGroup;
			children = (
				FDC7D9FD279F659D00FBD9B6 /* preworkTests.swift */,
			);
			path = preworkTests;
			sourceTree = "<group>";
		};
		FDC7DA06279F659D00FBD9B6 /* preworkUITests */ = {
			isa = PBXGroup;
			children = (
				FDC7DA07279F659D00FBD9B6 /* preworkUITests.swift */,
				FDC7DA09279F659D00FBD9B6 /* preworkUITestsLaunchTests.swift */,
			);
			path = preworkUITests;
			sourceTree = "<group>";
		};
/* End PBXGroup section */

/* Begin PBXNativeTarget section */
		FDC7D9E2279F659A00FBD9B6 /* prework */ = {
			isa = PBXNativeTarget;
			buildConfigurationList = FDC7DA0D279F659D00FBD9B6 /* Build configuration list for PBXNativeTarget "prework" */;
			buildPhases = (
				FDC7D9DF279F659A00FBD9B6 /* Sources */,
				FDC7D9E0279F659A00FBD9B6 /* Frameworks */,
				FDC7D9E1279F659A00FBD9B6 /* Resources */,
			);
			buildRules = (
			);
			dependencies = (
			);
			name = prework;
			productName = prework;
			productReference = FDC7D9E3279F659A00FBD9B6 /* prework.app */;
			productType = "com.apple.product-type.application";
		};
		FDC7D9F8279F659C00FBD9B6 /* preworkTests */ = {
			isa = PBXNativeTarget;
			buildConfigurationList = FDC7DA10279F659D00FBD9B6 /* Build configuration list for PBXNativeTarget "preworkTests" */;
			buildPhases = (
				FDC7D9F5279F659C00FBD9B6 /* Sources */,
				FDC7D9F6279F659C00FBD9B6 /* Frameworks */,
				FDC7D9F7279F659C00FBD9B6 /* Resources */,
			);
			buildRules = (
			);
			dependencies = (
				FDC7D9FB279F659C00FBD9B6 /* PBXTargetDependency */,
			);
			name = preworkTests;
			productName = preworkTests;
			productReference = FDC7D9F9279F659C00FBD9B6 /* preworkTests.xctest */;
			productType = "com.apple.product-type.bundle.unit-test";
		};
		FDC7DA02279F659D00FBD9B6 /* preworkUITests */ = {
			isa = PBXNativeTarget;
			buildConfigurationList = FDC7DA13279F659D00FBD9B6 /* Build configuration list for PBXNativeTarget "preworkUITests" */;
			buildPhases = (
				FDC7D9FF279F659D00FBD9B6 /* Sources */,
				FDC7DA00279F659D00FBD9B6 /* Frameworks */,
				FDC7DA01279F659D00FBD9B6 /* Resources */,
			);
			buildRules = (
			);
			dependencies = (
				FDC7DA05279F659D00FBD9B6 /* PBXTargetDependency */,
			);
			name = preworkUITests;
			productName = preworkUITests;
			productReference = FDC7DA03279F659D00FBD9B6 /* preworkUITests.xctest */;
			productType = "com.apple.product-type.bundle.ui-testing";
		};
/* End PBXNativeTarget section */

/* Begin PBXProject section */
		FDC7D9DB279F659A00FBD9B6 /* Project object */ = {
			isa = PBXProject;
			attributes = {
				BuildIndependentTargetsInParallel = 1;
				LastSwiftUpdateCheck = 1320;
				LastUpgradeCheck = 1320;
				TargetAttributes = {
					FDC7D9E2279F659A00FBD9B6 = {
						CreatedOnToolsVersion = 13.2.1;
					};
					FDC7D9F8279F659C00FBD9B6 = {
						CreatedOnToolsVersion = 13.2.1;
						TestTargetID = FDC7D9E2279F659A00FBD9B6;
					};
					FDC7DA02279F659D00FBD9B6 = {
						CreatedOnToolsVersion = 13.2.1;
						TestTargetID = FDC7D9E2279F659A00FBD9B6;
					};
				};
			};
			buildConfigurationList = FDC7D9DE279F659A00FBD9B6 /* Build configuration list for PBXProject "prework" */;
			compatibilityVersion = "Xcode 13.0";
			developmentRegion = en;
			hasScannedForEncodings = 0;
			knownRegions = (
				en,
				Base,
			);
			mainGroup = FDC7D9DA279F659A00FBD9B6;
			productRefGroup = FDC7D9E4279F659A00FBD9B6 /* Products */;
			projectDirPath = "";
			projectRoot = "";
			targets = (
				FDC7D9E2279F659A00FBD9B6 /* prework */,
				FDC7D9F8279F659C00FBD9B6 /* preworkTests */,
				FDC7DA02279F659D00FBD9B6 /* preworkUITests */,
			);
		};
/* End PBXProject section */

/* Begin PBXResourcesBuildPhase section */
		FDC7D9E1279F659A00FBD9B6 /* Resources */ = {
			isa = PBXResourcesBuildPhase;
			buildActionMask = 2147483647;
			files = (
				FDC7D9F3279F659C00FBD9B6 /* LaunchScreen.storyboard in Resources */,
				FDC7D9F0279F659C00FBD9B6 /* Assets.xcassets in Resources */,
				FDC7D9EE279F659A00FBD9B6 /* Main.storyboard in Resources */,
			);
			runOnlyForDeploymentPostprocessing = 0;
		};
		FDC7D9F7279F659C00FBD9B6 /* Resources */ = {
			isa = PBXResourcesBuildPhase;
			buildActionMask = 2147483647;
			files = (
			);
			runOnlyForDeploymentPostprocessing = 0;
		};
		FDC7DA01279F659D00FBD9B6 /* Resources */ = {
			isa = PBXResourcesBuildPhase;
			buildActionMask = 2147483647;
			files = (
			);
			runOnlyForDeploymentPostprocessing = 0;
		};
/* End PBXResourcesBuildPhase section */

/* Begin PBXSourcesBuildPhase section */
		FDC7D9DF279F659A00FBD9B6 /* Sources */ = {
			isa = PBXSourcesBuildPhase;
			buildActionMask = 2147483647;
			files = (
				FDC7D9EB279F659A00FBD9B6 /* ViewController.swift in Sources */,
				FDC7D9E7279F659A00FBD9B6 /* AppDelegate.swift in Sources */,
				FDC7D9E9279F659A00FBD9B6 /* SceneDelegate.swift in Sources */,
			);
			runOnlyForDeploymentPostprocessing = 0;
		};
		FDC7D9F5279F659C00FBD9B6 /* Sources */ = {
			isa = PBXSourcesBuildPhase;
			buildActionMask = 2147483647;
			files = (
				FDC7D9FE279F659D00FBD9B6 /* preworkTests.swift in Sources */,
			);
			runOnlyForDeploymentPostprocessing = 0;
		};
		FDC7D9FF279F659D00FBD9B6 /* Sources */ = {
			isa = PBXSourcesBuildPhase;
			buildActionMask = 2147483647;
			files = (
				FDC7DA08279F659D00FBD9B6 /* preworkUITests.swift in Sources */,
				FDC7DA0A279F659D00FBD9B6 /* preworkUITestsLaunchTests.swift in Sources */,
			);
			runOnlyForDeploymentPostprocessing = 0;
		};
/* End PBXSourcesBuildPhase section */

/* Begin PBXTargetDependency section */
		FDC7D9FB279F659C00FBD9B6 /* PBXTargetDependency */ = {
			isa = PBXTargetDependency;
			target = FDC7D9E2279F659A00FBD9B6 /* prework */;
			targetProxy = FDC7D9FA279F659C00FBD9B6 /* PBXContainerItemProxy */;
		};
		FDC7DA05279F659D00FBD9B6 /* PBXTargetDependency */ = {
			isa = PBXTargetDependency;
			target = FDC7D9E2279F659A00FBD9B6 /* prework */;
			targetProxy = FDC7DA04279F659D00FBD9B6 /* PBXContainerItemProxy */;
		};
/* End PBXTargetDependency section */

/* Begin PBXVariantGroup section */
		FDC7D9EC279F659A00FBD9B6 /* Main.storyboard */ = {
			isa = PBXVariantGroup;
			children = (
				FDC7D9ED279F659A00FBD9B6 /* Base */,
			);
			name = Main.storyboard;
			sourceTree = "<group>";
		};
		FDC7D9F1279F659C00FBD9B6 /* LaunchScreen.storyboard */ = {
			isa = PBXVariantGroup;
			children = (
				FDC7D9F2279F659C00FBD9B6 /* Base */,
			);
			name = LaunchScreen.storyboard;
			sourceTree = "<group>";
		};
/* End PBXVariantGroup section */

/* Begin XCBuildConfiguration section */
		FDC7DA0B279F659D00FBD9B6 /* Debug */ = {
			isa = XCBuildConfiguration;
			buildSettings = {
				ALWAYS_SEARCH_USER_PATHS = NO;
				CLANG_ANALYZER_NONNULL = YES;
				CLANG_ANALYZER_NUMBER_OBJECT_CONVERSION = YES_AGGRESSIVE;
				CLANG_CXX_LANGUAGE_STANDARD = "gnu++17";
				CLANG_CXX_LIBRARY = "libc++";
				CLANG_ENABLE_MODULES = YES;
				CLANG_ENABLE_OBJC_ARC = YES;
				CLANG_ENABLE_OBJC_WEAK = YES;
				CLANG_WARN_BLOCK_CAPTURE_AUTORELEASING = YES;
				CLANG_WARN_BOOL_CONVERSION = YES;
				CLANG_WARN_COMMA = YES;
				CLANG_WARN_CONSTANT_CONVERSION = YES;
				CLANG_WARN_DEPRECATED_OBJC_IMPLEMENTATIONS = YES;
				CLANG_WARN_DIRECT_OBJC_ISA_USAGE = YES_ERROR;
				CLANG_WARN_DOCUMENTATION_COMMENTS = YES;
				CLANG_WARN_EMPTY_BODY = YES;
				CLANG_WARN_ENUM_CONVERSION = YES;
				CLANG_WARN_INFINITE_RECURSION = YES;
				CLANG_WARN_INT_CONVERSION = YES;
				CLANG_WARN_NON_LITERAL_NULL_CONVERSION = YES;
				CLANG_WARN_OBJC_IMPLICIT_RETAIN_SELF = YES;
				CLANG_WARN_OBJC_LITERAL_CONVERSION = YES;
				CLANG_WARN_OBJC_ROOT_CLASS = YES_ERROR;
				CLANG_WARN_QUOTED_INCLUDE_IN_FRAMEWORK_HEADER = YES;
				CLANG_WARN_RANGE_LOOP_ANALYSIS = YES;
				CLANG_WARN_STRICT_PROTOTYPES = YES;
				CLANG_WARN_SUSPICIOUS_MOVE = YES;
				CLANG_WARN_UNGUARDED_AVAILABILITY = YES_AGGRESSIVE;
				CLANG_WARN_UNREACHABLE_CODE = YES;
				CLANG_WARN__DUPLICATE_METHOD_MATCH = YES;
				COPY_PHASE_STRIP = NO;
				DEBUG_INFORMATION_FORMAT = dwarf;
				ENABLE_STRICT_OBJC_MSGSEND = YES;
				ENABLE_TESTABILITY = YES;
				GCC_C_LANGUAGE_STANDARD = gnu11;
				GCC_DYNAMIC_NO_PIC = NO;
				GCC_NO_COMMON_BLOCKS = YES;
				GCC_OPTIMIZATION_LEVEL = 0;
				GCC_PREPROCESSOR_DEFINITIONS = (
					"DEBUG=1",
					"$(inherited)",
				);
				GCC_WARN_64_TO_32_BIT_CONVERSION = YES;
				GCC_WARN_ABOUT_RETURN_TYPE = YES_ERROR;
				GCC_WARN_UNDECLARED_SELECTOR = YES;
				GCC_WARN_UNINITIALIZED_AUTOS = YES_AGGRESSIVE;
				GCC_WARN_UNUSED_FUNCTION = YES;
				GCC_WARN_UNUSED_VARIABLE = YES;
				IPHONEOS_DEPLOYMENT_TARGET = 15.2;
				MTL_ENABLE_DEBUG_INFO = INCLUDE_SOURCE;
				MTL_FAST_MATH = YES;
				ONLY_ACTIVE_ARCH = YES;
				SDKROOT = iphoneos;
				SWIFT_ACTIVE_COMPILATION_CONDITIONS = DEBUG;
				SWIFT_OPTIMIZATION_LEVEL = "-Onone";
			};
			name = Debug;
		};
		FDC7DA0C279F659D00FBD9B6 /* Release */ = {
			isa = XCBuildConfiguration;
			buildSettings = {
				ALWAYS_SEARCH_USER_PATHS = NO;
				CLANG_ANALYZER_NONNULL = YES;
				CLANG_ANALYZER_NUMBER_OBJECT_CONVERSION = YES_AGGRESSIVE;
				CLANG_CXX_LANGUAGE_STANDARD = "gnu++17";
				CLANG_CXX_LIBRARY = "libc++";
				CLANG_ENABLE_MODULES = YES;
				CLANG_ENABLE_OBJC_ARC = YES;
				CLANG_ENABLE_OBJC_WEAK = YES;
				CLANG_WARN_BLOCK_CAPTURE_AUTORELEASING = YES;
				CLANG_WARN_BOOL_CONVERSION = YES;
				CLANG_WARN_COMMA = YES;
				CLANG_WARN_CONSTANT_CONVERSION = YES;
				CLANG_WARN_DEPRECATED_OBJC_IMPLEMENTATIONS = YES;
				CLANG_WARN_DIRECT_OBJC_ISA_USAGE = YES_ERROR;
				CLANG_WARN_DOCUMENTATION_COMMENTS = YES;
				CLANG_WARN_EMPTY_BODY = YES;
				CLANG_WARN_ENUM_CONVERSION = YES;
				CLANG_WARN_INFINITE_RECURSION = YES;
				CLANG_WARN_INT_CONVERSION = YES;
				CLANG_WARN_NON_LITERAL_NULL_CONVERSION = YES;
				CLANG_WARN_OBJC_IMPLICIT_RETAIN_SELF = YES;
				CLANG_WARN_OBJC_LITERAL_CONVERSION = YES;
				CLANG_WARN_OBJC_ROOT_CLASS = YES_ERROR;
				CLANG_WARN_QUOTED_INCLUDE_IN_FRAMEWORK_HEADER = YES;
				CLANG_WARN_RANGE_LOOP_ANALYSIS = YES;
				CLANG_WARN_STRICT_PROTOTYPES = YES;
				CLANG_WARN_SUSPICIOUS_MOVE = YES;
				CLANG_WARN_UNGUARDED_AVAILABILITY = YES_AGGRESSIVE;
				CLANG_WARN_UNREACHABLE_CODE = YES;
				CLANG_WARN__DUPLICATE_METHOD_MATCH = YES;
				COPY_PHASE_STRIP = NO;
				DEBUG_INFORMATION_FORMAT = "dwarf-with-dsym";
				ENABLE_NS_ASSERTIONS = NO;
				ENABLE_STRICT_OBJC_MSGSEND = YES;
				GCC_C_LANGUAGE_STANDARD = gnu11;
				GCC_NO_COMMON_BLOCKS = YES;
				GCC_WARN_64_TO_32_BIT_CONVERSION = YES;
				GCC_WARN_ABOUT_RETURN_TYPE = YES_ERROR;
				GCC_WARN_UNDECLARED_SELECTOR = YES;
				GCC_WARN_UNINITIALIZED_AUTOS = YES_AGGRESSIVE;
				GCC_WARN_UNUSED_FUNCTION = YES;
				GCC_WARN_UNUSED_VARIABLE = YES;
				IPHONEOS_DEPLOYMENT_TARGET = 15.2;
				MTL_ENABLE_DEBUG_INFO = NO;
				MTL_FAST_MATH = YES;
				SDKROOT = iphoneos;
				SWIFT_COMPILATION_MODE = wholemodule;
				SWIFT_OPTIMIZATION_LEVEL = "-O";
				VALIDATE_PRODUCT = YES;
			};
			name = Release;
		};
		FDC7DA0E279F659D00FBD9B6 /* Debug */ = {
			isa = XCBuildConfiguration;
			buildSettings = {
				ASSETCATALOG_COMPILER_APPICON_NAME = AppIcon;
				ASSETCATALOG_COMPILER_GLOBAL_ACCENT_COLOR_NAME = AccentColor;
				CODE_SIGN_STYLE = Automatic;
				CURRENT_PROJECT_VERSION = 1;
				GENERATE_INFOPLIST_FILE = YES;
				INFOPLIST_FILE = prework/Info.plist;
				INFOPLIST_KEY_UIApplicationSupportsIndirectInputEvents = YES;
				INFOPLIST_KEY_UILaunchStoryboardName = LaunchScreen;
				INFOPLIST_KEY_UIMainStoryboardFile = Main;
				INFOPLIST_KEY_UISupportedInterfaceOrientations_iPad = "UIInterfaceOrientationPortrait UIInterfaceOrientationPortraitUpsideDown UIInterfaceOrientationLandscapeLeft UIInterfaceOrientationLandscapeRight";
				INFOPLIST_KEY_UISupportedInterfaceOrientations_iPhone = "UIInterfaceOrientationPortrait UIInterfaceOrientationLandscapeLeft UIInterfaceOrientationLandscapeRight";
				LD_RUNPATH_SEARCH_PATHS = (
					"$(inherited)",
					"@executable_path/Frameworks",
				);
				MARKETING_VERSION = 1.0;
				PRODUCT_BUNDLE_IDENTIFIER = com.lesliesegovia.prework;
				PRODUCT_NAME = "$(TARGET_NAME)";
				SWIFT_EMIT_LOC_STRINGS = YES;
				SWIFT_VERSION = 5.0;
				TARGETED_DEVICE_FAMILY = "1,2";
			};
			name = Debug;
		};
		FDC7DA0F279F659D00FBD9B6 /* Release */ = {
			isa = XCBuildConfiguration;
			buildSettings = {
				ASSETCATALOG_COMPILER_APPICON_NAME = AppIcon;
				ASSETCATALOG_COMPILER_GLOBAL_ACCENT_COLOR_NAME = AccentColor;
				CODE_SIGN_STYLE = Automatic;
				CURRENT_PROJECT_VERSION = 1;
				GENERATE_INFOPLIST_FILE = YES;
				INFOPLIST_FILE = prework/Info.plist;
				INFOPLIST_KEY_UIApplicationSupportsIndirectInputEvents = YES;
				INFOPLIST_KEY_UILaunchStoryboardName = LaunchScreen;
				INFOPLIST_KEY_UIMainStoryboardFile = Main;
				INFOPLIST_KEY_UISupportedInterfaceOrientations_iPad = "UIInterfaceOrientationPortrait UIInterfaceOrientationPortraitUpsideDown UIInterfaceOrientationLandscapeLeft UIInterfaceOrientationLandscapeRight";
				INFOPLIST_KEY_UISupportedInterfaceOrientations_iPhone = "UIInterfaceOrientationPortrait UIInterfaceOrientationLandscapeLeft UIInterfaceOrientationLandscapeRight";
				LD_RUNPATH_SEARCH_PATHS = (
					"$(inherited)",
					"@executable_path/Frameworks",
				);
				MARKETING_VERSION = 1.0;
				PRODUCT_BUNDLE_IDENTIFIER = com.lesliesegovia.prework;
				PRODUCT_NAME = "$(TARGET_NAME)";
				SWIFT_EMIT_LOC_STRINGS = YES;
				SWIFT_VERSION = 5.0;
				TARGETED_DEVICE_FAMILY = "1,2";
			};
			name = Release;
		};
		FDC7DA11279F659D00FBD9B6 /* Debug */ = {
			isa = XCBuildConfiguration;
			buildSettings = {
				ALWAYS_EMBED_SWIFT_STANDARD_LIBRARIES = YES;
				BUNDLE_LOADER = "$(TEST_HOST)";
				CODE_SIGN_STYLE = Automatic;
				CURRENT_PROJECT_VERSION = 1;
				GENERATE_INFOPLIST_FILE = YES;
				IPHONEOS_DEPLOYMENT_TARGET = 15.2;
				MARKETING_VERSION = 1.0;
				PRODUCT_BUNDLE_IDENTIFIER = com.lesliesegovia.preworkTests;
				PRODUCT_NAME = "$(TARGET_NAME)";
				SWIFT_EMIT_LOC_STRINGS = NO;
				SWIFT_VERSION = 5.0;
				TARGETED_DEVICE_FAMILY = "1,2";
				TEST_HOST = "$(BUILT_PRODUCTS_DIR)/prework.app/prework";
			};
			name = Debug;
		};
		FDC7DA12279F659D00FBD9B6 /* Release */ = {
			isa = XCBuildConfiguration;
			buildSettings = {
				ALWAYS_EMBED_SWIFT_STANDARD_LIBRARIES = YES;
				BUNDLE_LOADER = "$(TEST_HOST)";
				CODE_SIGN_STYLE = Automatic;
				CURRENT_PROJECT_VERSION = 1;
				GENERATE_INFOPLIST_FILE = YES;
				IPHONEOS_DEPLOYMENT_TARGET = 15.2;
				MARKETING_VERSION = 1.0;
				PRODUCT_BUNDLE_IDENTIFIER = com.lesliesegovia.preworkTests;
				PRODUCT_NAME = "$(TARGET_NAME)";
				SWIFT_EMIT_LOC_STRINGS = NO;
				SWIFT_VERSION = 5.0;
				TARGETED_DEVICE_FAMILY = "1,2";
				TEST_HOST = "$(BUILT_PRODUCTS_DIR)/prework.app/prework";
			};
			name = Release;
		};
		FDC7DA14279F659D00FBD9B6 /* Debug */ = {
			isa = XCBuildConfiguration;
			buildSettings = {
				ALWAYS_EMBED_SWIFT_STANDARD_LIBRARIES = YES;
				CODE_SIGN_STYLE = Automatic;
				CURRENT_PROJECT_VERSION = 1;
				GENERATE_INFOPLIST_FILE = YES;
				MARKETING_VERSION = 1.0;
				PRODUCT_BUNDLE_IDENTIFIER = com.lesliesegovia.preworkUITests;
				PRODUCT_NAME = "$(TARGET_NAME)";
				SWIFT_EMIT_LOC_STRINGS = NO;
				SWIFT_VERSION = 5.0;
				TARGETED_DEVICE_FAMILY = "1,2";
				TEST_TARGET_NAME = prework;
			};
			name = Debug;
		};
		FDC7DA15279F659D00FBD9B6 /* Release */ = {
			isa = XCBuildConfiguration;
			buildSettings = {
				ALWAYS_EMBED_SWIFT_STANDARD_LIBRARIES = YES;
				CODE_SIGN_STYLE = Automatic;
				CURRENT_PROJECT_VERSION = 1;
				GENERATE_INFOPLIST_FILE = YES;
				MARKETING_VERSION = 1.0;
				PRODUCT_BUNDLE_IDENTIFIER = com.lesliesegovia.preworkUITests;
				PRODUCT_NAME = "$(TARGET_NAME)";
				SWIFT_EMIT_LOC_STRINGS = NO;
				SWIFT_VERSION = 5.0;
				TARGETED_DEVICE_FAMILY = "1,2";
				TEST_TARGET_NAME = prework;
			};
			name = Release;
		};
/* End XCBuildConfiguration section */

/* Begin XCConfigurationList section */
		FDC7D9DE279F659A00FBD9B6 /* Build configuration list for PBXProject "prework" */ = {
			isa = XCConfigurationList;
			buildConfigurations = (
				FDC7DA0B279F659D00FBD9B6 /* Debug */,
				FDC7DA0C279F659D00FBD9B6 /* Release */,
			);
			defaultConfigurationIsVisible = 0;
			defaultConfigurationName = Release;
		};
		FDC7DA0D279F659D00FBD9B6 /* Build configuration list for PBXNativeTarget "prework" */ = {
			isa = XCConfigurationList;
			buildConfigurations = (
				FDC7DA0E279F659D00FBD9B6 /* Debug */,
				FDC7DA0F279F659D00FBD9B6 /* Release */,
			);
			defaultConfigurationIsVisible = 0;
			defaultConfigurationName = Release;
		};
		FDC7DA10279F659D00FBD9B6 /* Build configuration list for PBXNativeTarget "preworkTests" */ = {
			isa = XCConfigurationList;
			buildConfigurations = (
				FDC7DA11279F659D00FBD9B6 /* Debug */,
				FDC7DA12279F659D00FBD9B6 /* Release */,
			);
			defaultConfigurationIsVisible = 0;
			defaultConfigurationName = Release;
		};
		FDC7DA13279F659D00FBD9B6 /* Build configuration list for PBXNativeTarget "preworkUITests" */ = {
			isa = XCConfigurationList;
			buildConfigurations = (
				FDC7DA14279F659D00FBD9B6 /* Debug */,
				FDC7DA15279F659D00FBD9B6 /* Release */,
			);
			defaultConfigurationIsVisible = 0;
			defaultConfigurationName = Release;
		};
/* End XCConfigurationList section */
	};
	rootObject = FDC7D9DB279F659A00FBD9B6 /* Project object */;
}
